
Microsoft Visual Studio Solution File, Format Version 12.00
# Visual Studio Version 16
VisualStudioVersion = 16.0.31205.134
MinimumVisualStudioVersion = 10.0.40219.1
Project("{FAE04EC0-301F-11D3-BF4B-00C04F79EFBC}") = "Task2", "Task2.csproj", "{9777C9EA-513E-4F77-8CF4-41A55B0CC00F}"
EndProject
Project("{FAE04EC0-301F-11D3-BF4B-00C04F79EFBC}") = "Task3", "..\Task3\Task3.csproj", "{563EFDC6-FAA1-4817-9679-75A5B84F1CA4}"
EndProject
Project("{FAE04EC0-301F-11D3-BF4B-00C04F79EFBC}") = "Task4", "..\Task4\Task4.csproj", "{7395ECE5-CAB8-4DF2-A910-D700A8A75DF7}"
EndProject
Project("{FAE04EC0-301F-11D3-BF4B-00C04F79EFBC}") = "Task1", "..\Task1\Task1.csproj", "{43D737E0-8493-47C2-AF3E-885601C178AE}"
EndProject
Project("{FAE04EC0-301F-11D3-BF4B-00C04F79EFBC}") = "Task5", "..\Task5\Task5.csproj", "{1B228C77-5D8B-42FB-BE0A-116D97BC5192}"
EndProject
Global
	GlobalSection(SolutionConfigurationPlatforms) = preSolution
		Debug|Any CPU = Debug|Any CPU
		Release|Any CPU = Release|Any CPU
	EndGlobalSection
	GlobalSection(ProjectConfigurationPlatforms) = postSolution
		{9777C9EA-513E-4F77-8CF4-41A55B0CC00F}.Debug|Any CPU.ActiveCfg = Debug|Any CPU
		{9777C9EA-513E-4F77-8CF4-41A55B0CC00F}.Debug|Any CPU.Build.0 = Debug|Any CPU
		{9777C9EA-513E-4F77-8CF4-41A55B0CC00F}.Release|Any CPU.ActiveCfg = Release|Any CPU
		{9777C9EA-513E-4F77-8CF4-41A55B0CC00F}.Release|Any CPU.Build.0 = Release|Any CPU
		{563EFDC6-FAA1-4817-9679-75A5B84F1CA4}.Debug|Any CPU.ActiveCfg = Debug|Any CPU
		{563EFDC6-FAA1-4817-9679-75A5B84F1CA4}.Debug|Any CPU.Build.0 = Debug|Any CPU
		{563EFDC6-FAA1-4817-9679-75A5B84F1CA4}.Release|Any CPU.ActiveCfg = Release|Any CPU
		{563EFDC6-FAA1-4817-9679-75A5B84F1CA4}.Release|Any CPU.Build.0 = Release|Any CPU
		{7395ECE5-CAB8-4DF2-A910-D700A8A75DF7}.Debug|Any CPU.ActiveCfg = Debug|Any CPU
		{7395ECE5-CAB8-4DF2-A910-D700A8A75DF7}.Debug|Any CPU.Build.0 = Debug|Any CPU
		{7395ECE5-CAB8-4DF2-A910-D700A8A75DF7}.Release|Any CPU.ActiveCfg = Release|Any CPU
		{7395ECE5-CAB8-4DF2-A910-D700A8A75DF7}.Release|Any CPU.Build.0 = Release|Any CPU
		{43D737E0-8493-47C2-AF3E-885601C178AE}.Debug|Any CPU.ActiveCfg = Debug|Any CPU
		{43D737E0-8493-47C2-AF3E-885601C178AE}.Debug|Any CPU.Build.0 = Debug|Any CPU
		{43D737E0-8493-47C2-AF3E-885601C178AE}.Release|Any CPU.ActiveCfg = Release|Any CPU
		{43D737E0-8493-47C2-AF3E-885601C178AE}.Release|Any CPU.Build.0 = Release|Any CPU
		{1B228C77-5D8B-42FB-BE0A-116D97BC5192}.Debug|Any CPU.ActiveCfg = Debug|Any CPU
		{1B228C77-5D8B-42FB-BE0A-116D97BC5192}.Debug|Any CPU.Build.0 = Debug|Any CPU
		{1B228C77-5D8B-42FB-BE0A-116D97BC5192}.Release|Any CPU.ActiveCfg = Release|Any CPU
		{1B228C77-5D8B-42FB-BE0A-116D97BC5192}.Release|Any CPU.Build.0 = Release|Any CPU
	EndGlobalSection
	GlobalSection(SolutionProperties) = preSolution
		HideSolutionNode = FALSE
	EndGlobalSection
	GlobalSection(ExtensibilityGlobals) = postSolution
		SolutionGuid = {E0048090-D6F8-4EB8-9DD0-273D40651394}
	EndGlobalSection
EndGlobal
