
Microsoft Visual Studio Solution File, Format Version 12.00
# Visual Studio Version 16
VisualStudioVersion = 16.0.29424.173
MinimumVisualStudioVersion = 10.0.40219.1
Project("{FAE04EC0-301F-11D3-BF4B-00C04F79EFBC}") = "001_Generics", "001_Generics_1.0\001_Generics.csproj", "{060DECDA-590B-414E-99D6-917090BD208A}"
EndProject
Project("{FAE04EC0-301F-11D3-BF4B-00C04F79EFBC}") = "002_Generics", "002_Generics\002_Generics.csproj", "{BD67C3DB-1240-4AF7-901C-E7B13BD68628}"
EndProject
Project("{2150E333-8FDC-42A3-9474-1A3956D46DE8}") = "01_Boxing_UnBoxing", "01_Boxing_UnBoxing", "{469956E3-BC66-41A4-9BDB-8B41F952FCEE}"
EndProject
Project("{FAE04EC0-301F-11D3-BF4B-00C04F79EFBC}") = "003_Generics", "003_Generics\003_Generics.csproj", "{2380EBF6-8BDC-4236-8F67-306CB4A0556B}"
EndProject
Project("{FAE04EC0-301F-11D3-BF4B-00C04F79EFBC}") = "004_Generics", "004_Generics\004_Generics.csproj", "{8450DB2F-4476-4BCF-842E-089604C26A79}"
EndProject
Project("{2150E333-8FDC-42A3-9474-1A3956D46DE8}") = "02_Generics", "02_Generics", "{31715462-2010-41AF-99CC-6AB4623ECF50}"
EndProject
Project("{FAE04EC0-301F-11D3-BF4B-00C04F79EFBC}") = "005_Generics", "005_Generics\005_Generics.csproj", "{F8F92893-53A5-4FFC-9906-5C1BDDD52EB6}"
EndProject
Project("{FAE04EC0-301F-11D3-BF4B-00C04F79EFBC}") = "006_Generics", "006_Generics\006_Generics.csproj", "{4F547609-07F6-4D8C-B6FB-C90585DC8886}"
EndProject
Project("{FAE04EC0-301F-11D3-BF4B-00C04F79EFBC}") = "007_Generics", "007_Generics\007_Generics.csproj", "{ECD27ECC-F065-4B1E-A31D-D6A679129B37}"
EndProject
Project("{FAE04EC0-301F-11D3-BF4B-00C04F79EFBC}") = "008_Generics_Properties", "008_Generics\008_Generics_Properties.csproj", "{0C813CE4-904E-4C89-BE43-98577372D8D0}"
EndProject
Project("{FAE04EC0-301F-11D3-BF4B-00C04F79EFBC}") = "009_Generics_Properties", "009_Generics\009_Generics_Properties.csproj", "{AF5F7CB8-C856-407F-8473-2F1038D3AD6B}"
EndProject
Project("{FAE04EC0-301F-11D3-BF4B-00C04F79EFBC}") = "010_Generics", "010_Generics\010_Generics.csproj", "{C716C39A-94A0-4E45-822F-3F4C9290BB61}"
EndProject
Project("{FAE04EC0-301F-11D3-BF4B-00C04F79EFBC}") = "011_Generics_Methods", "011_Generics_Methods\011_Generics_Methods.csproj", "{586BB96B-E621-44DB-8CC8-8065E4163A4F}"
EndProject
Project("{FAE04EC0-301F-11D3-BF4B-00C04F79EFBC}") = "012_Generics_Methods", "012_Generics_Methods\012_Generics_Methods.csproj", "{33C67826-D586-4ECE-90DF-C07C1660AA9F}"
EndProject
Project("{2150E333-8FDC-42A3-9474-1A3956D46DE8}") = "03_Covariance_and_Contravariance", "03_Covariance_and_Contravariance", "{C607E68F-1CC7-4EA9-B475-193A14E6200A}"
EndProject
Project("{FAE04EC0-301F-11D3-BF4B-00C04F79EFBC}") = "013_Invariance", "013_riance\013_Invariance.csproj", "{77C27EEA-500F-4BEA-B0DB-2FCF65E8E3B5}"
EndProject
Project("{FAE04EC0-301F-11D3-BF4B-00C04F79EFBC}") = "014_Invariance", "014_Invariance\014_Invariance.csproj", "{ACB87070-AF4E-4E9F-85EA-EECAD7B661D7}"
EndProject
Project("{FAE04EC0-301F-11D3-BF4B-00C04F79EFBC}") = "15_Covariance", "15_Covariance\15_Covariance.csproj", "{9513EBD6-C9B9-4835-8A08-DD0A698886D5}"
EndProject
Project("{FAE04EC0-301F-11D3-BF4B-00C04F79EFBC}") = "16_Contravariance", "16_Invariance\16_Contravariance.csproj", "{7E839C01-4407-4426-B774-781CAAFFC661}"
EndProject
Project("{FAE04EC0-301F-11D3-BF4B-00C04F79EFBC}") = "17_Covariance", "17_Covariance\17_Covariance.csproj", "{66F9112A-C78B-4A6B-88FD-68FD411DA499}"
EndProject
Project("{FAE04EC0-301F-11D3-BF4B-00C04F79EFBC}") = "18_Contravariance", "18_Contravariance\18_Contravariance.csproj", "{2F599BF5-76A1-4479-B625-17C01491AD07}"
EndProject
Project("{2150E333-8FDC-42A3-9474-1A3956D46DE8}") = "04_Generics_Rules", "04_Generics_Rules", "{22E14C2B-C3CD-474E-82E4-374570B47EDC}"
EndProject
Project("{FAE04EC0-301F-11D3-BF4B-00C04F79EFBC}") = "019_Generics_Partial_Сlasses", "019_Generics\019_Generics_Partial_Сlasses.csproj", "{769CDCE7-0DCE-4CDC-8758-200DAFD5D7F1}"
EndProject
Project("{FAE04EC0-301F-11D3-BF4B-00C04F79EFBC}") = "020_Generics", "020_Generics\020_Generics.csproj", "{D69D2E8C-8DA8-4602-83A0-6F8F87B3F6F3}"
EndProject
Project("{FAE04EC0-301F-11D3-BF4B-00C04F79EFBC}") = "021_Generics", "021_Generics\021_Generics.csproj", "{917DA61F-343C-41D1-90BC-69138A31AA36}"
EndProject
Project("{FAE04EC0-301F-11D3-BF4B-00C04F79EFBC}") = "022_Generics", "022_Generics\022_Generics.csproj", "{B98978F4-CBA1-426E-B614-39C3EA9337E5}"
EndProject
Project("{2150E333-8FDC-42A3-9474-1A3956D46DE8}") = "05_Constrain", "05_Constrain", "{BD130F80-217F-420C-BD32-AE67F56C53A1}"
EndProject
Project("{FAE04EC0-301F-11D3-BF4B-00C04F79EFBC}") = "23_Constrain", "23_Constrain\23_Constrain.csproj", "{C93FA9CA-5D6A-46ED-ABB7-875F7897D1D5}"
EndProject
Project("{FAE04EC0-301F-11D3-BF4B-00C04F79EFBC}") = "24_Constrain", "24_Constrain\24_Constrain.csproj", "{B2F64A4C-A434-495F-A0A5-E3AEFB734C16}"
EndProject
Project("{FAE04EC0-301F-11D3-BF4B-00C04F79EFBC}") = "25_Constrain", "25_Constrain\25_Constrain.csproj", "{0E1F2DD7-E555-4B8B-90C8-1646EF25C14F}"
EndProject
Project("{FAE04EC0-301F-11D3-BF4B-00C04F79EFBC}") = "26_Constrain", "26_Constrain\26_Constrain.csproj", "{6F0E013E-51A9-4F4D-9309-B89FFE1EF418}"
EndProject
Project("{FAE04EC0-301F-11D3-BF4B-00C04F79EFBC}") = "27_Constrain", "27_Constrain\27_Constrain.csproj", "{314C6BAE-C300-4F15-A4BD-8E760E066C43}"
EndProject
Project("{FAE04EC0-301F-11D3-BF4B-00C04F79EFBC}") = "28_Constrain", "28_Constrain\28_Constrain.csproj", "{971AC040-6333-4D78-A332-B93880DDFF55}"
EndProject
Project("{2150E333-8FDC-42A3-9474-1A3956D46DE8}") = "06_Nullable", "06_Nullable", "{AAFE226A-AC19-4031-9054-EAC9E588E73A}"
EndProject
Project("{FAE04EC0-301F-11D3-BF4B-00C04F79EFBC}") = "29_Nullable", "29_Nullable\29_Nullable.csproj", "{BEF5E70D-FA7A-475E-B5AD-059D724C5D4B}"
EndProject
Project("{FAE04EC0-301F-11D3-BF4B-00C04F79EFBC}") = "30_Nullable", "30_Nullable\30_Nullable.csproj", "{97599337-672D-411F-9838-B4D5A97C7F10}"
EndProject
Project("{FAE04EC0-301F-11D3-BF4B-00C04F79EFBC}") = "31_Nullable", "31_Nullable\31_Nullable.csproj", "{7750EFE0-A1FC-45DB-AC32-464BC124259A}"
EndProject
Project("{FAE04EC0-301F-11D3-BF4B-00C04F79EFBC}") = "32_Nullable", "32_Nullable\32_Nullable.csproj", "{F19A7952-FB10-4E85-8DDF-ED8F15AA7603}"
EndProject
Project("{FAE04EC0-301F-11D3-BF4B-00C04F79EFBC}") = "33_Nullable", "33_Nullable\33_Nullable.csproj", "{01C28137-DF17-4FC4-9E1E-A0933B9E70F6}"
EndProject
Project("{FAE04EC0-301F-11D3-BF4B-00C04F79EFBC}") = "34_Nullable", "34_Nullable\34_Nullable.csproj", "{DA11BEDA-2BE0-4E5A-AD80-FB2E010B85C4}"
EndProject
Project("{FAE04EC0-301F-11D3-BF4B-00C04F79EFBC}") = "35_Nullable", "35_Nullable\35_Nullable.csproj", "{AD8DAF2E-A294-4307-82BA-54BB336807C6}"
EndProject
Project("{FAE04EC0-301F-11D3-BF4B-00C04F79EFBC}") = "36_Nullable", "36_Nullable\36_Nullable.csproj", "{55F6C5F0-C1CA-4D58-A77F-F3881BB510E4}"
EndProject
Global
	GlobalSection(SolutionConfigurationPlatforms) = preSolution
		Debug|Any CPU = Debug|Any CPU
		Release|Any CPU = Release|Any CPU
	EndGlobalSection
	GlobalSection(ProjectConfigurationPlatforms) = postSolution
		{060DECDA-590B-414E-99D6-917090BD208A}.Debug|Any CPU.ActiveCfg = Debug|Any CPU
		{060DECDA-590B-414E-99D6-917090BD208A}.Debug|Any CPU.Build.0 = Debug|Any CPU
		{060DECDA-590B-414E-99D6-917090BD208A}.Release|Any CPU.ActiveCfg = Release|Any CPU
		{060DECDA-590B-414E-99D6-917090BD208A}.Release|Any CPU.Build.0 = Release|Any CPU
		{BD67C3DB-1240-4AF7-901C-E7B13BD68628}.Debug|Any CPU.ActiveCfg = Debug|Any CPU
		{BD67C3DB-1240-4AF7-901C-E7B13BD68628}.Debug|Any CPU.Build.0 = Debug|Any CPU
		{BD67C3DB-1240-4AF7-901C-E7B13BD68628}.Release|Any CPU.ActiveCfg = Release|Any CPU
		{BD67C3DB-1240-4AF7-901C-E7B13BD68628}.Release|Any CPU.Build.0 = Release|Any CPU
		{2380EBF6-8BDC-4236-8F67-306CB4A0556B}.Debug|Any CPU.ActiveCfg = Debug|Any CPU
		{2380EBF6-8BDC-4236-8F67-306CB4A0556B}.Debug|Any CPU.Build.0 = Debug|Any CPU
		{2380EBF6-8BDC-4236-8F67-306CB4A0556B}.Release|Any CPU.ActiveCfg = Release|Any CPU
		{2380EBF6-8BDC-4236-8F67-306CB4A0556B}.Release|Any CPU.Build.0 = Release|Any CPU
		{8450DB2F-4476-4BCF-842E-089604C26A79}.Debug|Any CPU.ActiveCfg = Debug|Any CPU
		{8450DB2F-4476-4BCF-842E-089604C26A79}.Debug|Any CPU.Build.0 = Debug|Any CPU
		{8450DB2F-4476-4BCF-842E-089604C26A79}.Release|Any CPU.ActiveCfg = Release|Any CPU
		{8450DB2F-4476-4BCF-842E-089604C26A79}.Release|Any CPU.Build.0 = Release|Any CPU
		{F8F92893-53A5-4FFC-9906-5C1BDDD52EB6}.Debug|Any CPU.ActiveCfg = Debug|Any CPU
		{F8F92893-53A5-4FFC-9906-5C1BDDD52EB6}.Debug|Any CPU.Build.0 = Debug|Any CPU
		{F8F92893-53A5-4FFC-9906-5C1BDDD52EB6}.Release|Any CPU.ActiveCfg = Release|Any CPU
		{F8F92893-53A5-4FFC-9906-5C1BDDD52EB6}.Release|Any CPU.Build.0 = Release|Any CPU
		{4F547609-07F6-4D8C-B6FB-C90585DC8886}.Debug|Any CPU.ActiveCfg = Debug|Any CPU
		{4F547609-07F6-4D8C-B6FB-C90585DC8886}.Debug|Any CPU.Build.0 = Debug|Any CPU
		{4F547609-07F6-4D8C-B6FB-C90585DC8886}.Release|Any CPU.ActiveCfg = Release|Any CPU
		{4F547609-07F6-4D8C-B6FB-C90585DC8886}.Release|Any CPU.Build.0 = Release|Any CPU
		{ECD27ECC-F065-4B1E-A31D-D6A679129B37}.Debug|Any CPU.ActiveCfg = Debug|Any CPU
		{ECD27ECC-F065-4B1E-A31D-D6A679129B37}.Debug|Any CPU.Build.0 = Debug|Any CPU
		{ECD27ECC-F065-4B1E-A31D-D6A679129B37}.Release|Any CPU.ActiveCfg = Release|Any CPU
		{ECD27ECC-F065-4B1E-A31D-D6A679129B37}.Release|Any CPU.Build.0 = Release|Any CPU
		{0C813CE4-904E-4C89-BE43-98577372D8D0}.Debug|Any CPU.ActiveCfg = Debug|Any CPU
		{0C813CE4-904E-4C89-BE43-98577372D8D0}.Debug|Any CPU.Build.0 = Debug|Any CPU
		{0C813CE4-904E-4C89-BE43-98577372D8D0}.Release|Any CPU.ActiveCfg = Release|Any CPU
		{0C813CE4-904E-4C89-BE43-98577372D8D0}.Release|Any CPU.Build.0 = Release|Any CPU
		{AF5F7CB8-C856-407F-8473-2F1038D3AD6B}.Debug|Any CPU.ActiveCfg = Debug|Any CPU
		{AF5F7CB8-C856-407F-8473-2F1038D3AD6B}.Debug|Any CPU.Build.0 = Debug|Any CPU
		{AF5F7CB8-C856-407F-8473-2F1038D3AD6B}.Release|Any CPU.ActiveCfg = Release|Any CPU
		{AF5F7CB8-C856-407F-8473-2F1038D3AD6B}.Release|Any CPU.Build.0 = Release|Any CPU
		{C716C39A-94A0-4E45-822F-3F4C9290BB61}.Debug|Any CPU.ActiveCfg = Debug|Any CPU
		{C716C39A-94A0-4E45-822F-3F4C9290BB61}.Debug|Any CPU.Build.0 = Debug|Any CPU
		{C716C39A-94A0-4E45-822F-3F4C9290BB61}.Release|Any CPU.ActiveCfg = Release|Any CPU
		{C716C39A-94A0-4E45-822F-3F4C9290BB61}.Release|Any CPU.Build.0 = Release|Any CPU
		{586BB96B-E621-44DB-8CC8-8065E4163A4F}.Debug|Any CPU.ActiveCfg = Debug|Any CPU
		{586BB96B-E621-44DB-8CC8-8065E4163A4F}.Debug|Any CPU.Build.0 = Debug|Any CPU
		{586BB96B-E621-44DB-8CC8-8065E4163A4F}.Release|Any CPU.ActiveCfg = Release|Any CPU
		{586BB96B-E621-44DB-8CC8-8065E4163A4F}.Release|Any CPU.Build.0 = Release|Any CPU
		{33C67826-D586-4ECE-90DF-C07C1660AA9F}.Debug|Any CPU.ActiveCfg = Debug|Any CPU
		{33C67826-D586-4ECE-90DF-C07C1660AA9F}.Debug|Any CPU.Build.0 = Debug|Any CPU
		{33C67826-D586-4ECE-90DF-C07C1660AA9F}.Release|Any CPU.ActiveCfg = Release|Any CPU
		{33C67826-D586-4ECE-90DF-C07C1660AA9F}.Release|Any CPU.Build.0 = Release|Any CPU
		{77C27EEA-500F-4BEA-B0DB-2FCF65E8E3B5}.Debug|Any CPU.ActiveCfg = Debug|Any CPU
		{77C27EEA-500F-4BEA-B0DB-2FCF65E8E3B5}.Debug|Any CPU.Build.0 = Debug|Any CPU
		{77C27EEA-500F-4BEA-B0DB-2FCF65E8E3B5}.Release|Any CPU.ActiveCfg = Release|Any CPU
		{77C27EEA-500F-4BEA-B0DB-2FCF65E8E3B5}.Release|Any CPU.Build.0 = Release|Any CPU
		{ACB87070-AF4E-4E9F-85EA-EECAD7B661D7}.Debug|Any CPU.ActiveCfg = Debug|Any CPU
		{ACB87070-AF4E-4E9F-85EA-EECAD7B661D7}.Debug|Any CPU.Build.0 = Debug|Any CPU
		{ACB87070-AF4E-4E9F-85EA-EECAD7B661D7}.Release|Any CPU.ActiveCfg = Release|Any CPU
		{ACB87070-AF4E-4E9F-85EA-EECAD7B661D7}.Release|Any CPU.Build.0 = Release|Any CPU
		{9513EBD6-C9B9-4835-8A08-DD0A698886D5}.Debug|Any CPU.ActiveCfg = Debug|Any CPU
		{9513EBD6-C9B9-4835-8A08-DD0A698886D5}.Debug|Any CPU.Build.0 = Debug|Any CPU
		{9513EBD6-C9B9-4835-8A08-DD0A698886D5}.Release|Any CPU.ActiveCfg = Release|Any CPU
		{9513EBD6-C9B9-4835-8A08-DD0A698886D5}.Release|Any CPU.Build.0 = Release|Any CPU
		{7E839C01-4407-4426-B774-781CAAFFC661}.Debug|Any CPU.ActiveCfg = Debug|Any CPU
		{7E839C01-4407-4426-B774-781CAAFFC661}.Debug|Any CPU.Build.0 = Debug|Any CPU
		{7E839C01-4407-4426-B774-781CAAFFC661}.Release|Any CPU.ActiveCfg = Release|Any CPU
		{7E839C01-4407-4426-B774-781CAAFFC661}.Release|Any CPU.Build.0 = Release|Any CPU
		{66F9112A-C78B-4A6B-88FD-68FD411DA499}.Debug|Any CPU.ActiveCfg = Debug|Any CPU
		{66F9112A-C78B-4A6B-88FD-68FD411DA499}.Debug|Any CPU.Build.0 = Debug|Any CPU
		{66F9112A-C78B-4A6B-88FD-68FD411DA499}.Release|Any CPU.ActiveCfg = Release|Any CPU
		{66F9112A-C78B-4A6B-88FD-68FD411DA499}.Release|Any CPU.Build.0 = Release|Any CPU
		{2F599BF5-76A1-4479-B625-17C01491AD07}.Debug|Any CPU.ActiveCfg = Debug|Any CPU
		{2F599BF5-76A1-4479-B625-17C01491AD07}.Debug|Any CPU.Build.0 = Debug|Any CPU
		{2F599BF5-76A1-4479-B625-17C01491AD07}.Release|Any CPU.ActiveCfg = Release|Any CPU
		{2F599BF5-76A1-4479-B625-17C01491AD07}.Release|Any CPU.Build.0 = Release|Any CPU
		{769CDCE7-0DCE-4CDC-8758-200DAFD5D7F1}.Debug|Any CPU.ActiveCfg = Debug|Any CPU
		{769CDCE7-0DCE-4CDC-8758-200DAFD5D7F1}.Debug|Any CPU.Build.0 = Debug|Any CPU
		{769CDCE7-0DCE-4CDC-8758-200DAFD5D7F1}.Release|Any CPU.ActiveCfg = Release|Any CPU
		{769CDCE7-0DCE-4CDC-8758-200DAFD5D7F1}.Release|Any CPU.Build.0 = Release|Any CPU
		{D69D2E8C-8DA8-4602-83A0-6F8F87B3F6F3}.Debug|Any CPU.ActiveCfg = Debug|Any CPU
		{D69D2E8C-8DA8-4602-83A0-6F8F87B3F6F3}.Debug|Any CPU.Build.0 = Debug|Any CPU
		{D69D2E8C-8DA8-4602-83A0-6F8F87B3F6F3}.Release|Any CPU.ActiveCfg = Release|Any CPU
		{D69D2E8C-8DA8-4602-83A0-6F8F87B3F6F3}.Release|Any CPU.Build.0 = Release|Any CPU
		{917DA61F-343C-41D1-90BC-69138A31AA36}.Debug|Any CPU.ActiveCfg = Debug|Any CPU
		{917DA61F-343C-41D1-90BC-69138A31AA36}.Debug|Any CPU.Build.0 = Debug|Any CPU
		{917DA61F-343C-41D1-90BC-69138A31AA36}.Release|Any CPU.ActiveCfg = Release|Any CPU
		{917DA61F-343C-41D1-90BC-69138A31AA36}.Release|Any CPU.Build.0 = Release|Any CPU
		{B98978F4-CBA1-426E-B614-39C3EA9337E5}.Debug|Any CPU.ActiveCfg = Debug|Any CPU
		{B98978F4-CBA1-426E-B614-39C3EA9337E5}.Debug|Any CPU.Build.0 = Debug|Any CPU
		{B98978F4-CBA1-426E-B614-39C3EA9337E5}.Release|Any CPU.ActiveCfg = Release|Any CPU
		{B98978F4-CBA1-426E-B614-39C3EA9337E5}.Release|Any CPU.Build.0 = Release|Any CPU
		{C93FA9CA-5D6A-46ED-ABB7-875F7897D1D5}.Debug|Any CPU.ActiveCfg = Debug|Any CPU
		{C93FA9CA-5D6A-46ED-ABB7-875F7897D1D5}.Debug|Any CPU.Build.0 = Debug|Any CPU
		{C93FA9CA-5D6A-46ED-ABB7-875F7897D1D5}.Release|Any CPU.ActiveCfg = Release|Any CPU
		{C93FA9CA-5D6A-46ED-ABB7-875F7897D1D5}.Release|Any CPU.Build.0 = Release|Any CPU
		{B2F64A4C-A434-495F-A0A5-E3AEFB734C16}.Debug|Any CPU.ActiveCfg = Debug|Any CPU
		{B2F64A4C-A434-495F-A0A5-E3AEFB734C16}.Debug|Any CPU.Build.0 = Debug|Any CPU
		{B2F64A4C-A434-495F-A0A5-E3AEFB734C16}.Release|Any CPU.ActiveCfg = Release|Any CPU
		{B2F64A4C-A434-495F-A0A5-E3AEFB734C16}.Release|Any CPU.Build.0 = Release|Any CPU
		{0E1F2DD7-E555-4B8B-90C8-1646EF25C14F}.Debug|Any CPU.ActiveCfg = Debug|Any CPU
		{0E1F2DD7-E555-4B8B-90C8-1646EF25C14F}.Debug|Any CPU.Build.0 = Debug|Any CPU
		{0E1F2DD7-E555-4B8B-90C8-1646EF25C14F}.Release|Any CPU.ActiveCfg = Release|Any CPU
		{0E1F2DD7-E555-4B8B-90C8-1646EF25C14F}.Release|Any CPU.Build.0 = Release|Any CPU
		{6F0E013E-51A9-4F4D-9309-B89FFE1EF418}.Debug|Any CPU.ActiveCfg = Debug|Any CPU
		{6F0E013E-51A9-4F4D-9309-B89FFE1EF418}.Debug|Any CPU.Build.0 = Debug|Any CPU
		{6F0E013E-51A9-4F4D-9309-B89FFE1EF418}.Release|Any CPU.ActiveCfg = Release|Any CPU
		{6F0E013E-51A9-4F4D-9309-B89FFE1EF418}.Release|Any CPU.Build.0 = Release|Any CPU
		{314C6BAE-C300-4F15-A4BD-8E760E066C43}.Debug|Any CPU.ActiveCfg = Debug|Any CPU
		{314C6BAE-C300-4F15-A4BD-8E760E066C43}.Debug|Any CPU.Build.0 = Debug|Any CPU
		{314C6BAE-C300-4F15-A4BD-8E760E066C43}.Release|Any CPU.ActiveCfg = Release|Any CPU
		{314C6BAE-C300-4F15-A4BD-8E760E066C43}.Release|Any CPU.Build.0 = Release|Any CPU
		{971AC040-6333-4D78-A332-B93880DDFF55}.Debug|Any CPU.ActiveCfg = Debug|Any CPU
		{971AC040-6333-4D78-A332-B93880DDFF55}.Debug|Any CPU.Build.0 = Debug|Any CPU
		{971AC040-6333-4D78-A332-B93880DDFF55}.Release|Any CPU.ActiveCfg = Release|Any CPU
		{971AC040-6333-4D78-A332-B93880DDFF55}.Release|Any CPU.Build.0 = Release|Any CPU
		{BEF5E70D-FA7A-475E-B5AD-059D724C5D4B}.Debug|Any CPU.ActiveCfg = Debug|Any CPU
		{BEF5E70D-FA7A-475E-B5AD-059D724C5D4B}.Debug|Any CPU.Build.0 = Debug|Any CPU
		{BEF5E70D-FA7A-475E-B5AD-059D724C5D4B}.Release|Any CPU.ActiveCfg = Release|Any CPU
		{BEF5E70D-FA7A-475E-B5AD-059D724C5D4B}.Release|Any CPU.Build.0 = Release|Any CPU
		{97599337-672D-411F-9838-B4D5A97C7F10}.Debug|Any CPU.ActiveCfg = Debug|Any CPU
		{97599337-672D-411F-9838-B4D5A97C7F10}.Debug|Any CPU.Build.0 = Debug|Any CPU
		{97599337-672D-411F-9838-B4D5A97C7F10}.Release|Any CPU.ActiveCfg = Release|Any CPU
		{97599337-672D-411F-9838-B4D5A97C7F10}.Release|Any CPU.Build.0 = Release|Any CPU
		{7750EFE0-A1FC-45DB-AC32-464BC124259A}.Debug|Any CPU.ActiveCfg = Debug|Any CPU
		{7750EFE0-A1FC-45DB-AC32-464BC124259A}.Debug|Any CPU.Build.0 = Debug|Any CPU
		{7750EFE0-A1FC-45DB-AC32-464BC124259A}.Release|Any CPU.ActiveCfg = Release|Any CPU
		{7750EFE0-A1FC-45DB-AC32-464BC124259A}.Release|Any CPU.Build.0 = Release|Any CPU
		{F19A7952-FB10-4E85-8DDF-ED8F15AA7603}.Debug|Any CPU.ActiveCfg = Debug|Any CPU
		{F19A7952-FB10-4E85-8DDF-ED8F15AA7603}.Debug|Any CPU.Build.0 = Debug|Any CPU
		{F19A7952-FB10-4E85-8DDF-ED8F15AA7603}.Release|Any CPU.ActiveCfg = Release|Any CPU
		{F19A7952-FB10-4E85-8DDF-ED8F15AA7603}.Release|Any CPU.Build.0 = Release|Any CPU
		{01C28137-DF17-4FC4-9E1E-A0933B9E70F6}.Debug|Any CPU.ActiveCfg = Debug|Any CPU
		{01C28137-DF17-4FC4-9E1E-A0933B9E70F6}.Debug|Any CPU.Build.0 = Debug|Any CPU
		{01C28137-DF17-4FC4-9E1E-A0933B9E70F6}.Release|Any CPU.ActiveCfg = Release|Any CPU
		{01C28137-DF17-4FC4-9E1E-A0933B9E70F6}.Release|Any CPU.Build.0 = Release|Any CPU
		{DA11BEDA-2BE0-4E5A-AD80-FB2E010B85C4}.Debug|Any CPU.ActiveCfg = Debug|Any CPU
		{DA11BEDA-2BE0-4E5A-AD80-FB2E010B85C4}.Debug|Any CPU.Build.0 = Debug|Any CPU
		{DA11BEDA-2BE0-4E5A-AD80-FB2E010B85C4}.Release|Any CPU.ActiveCfg = Release|Any CPU
		{DA11BEDA-2BE0-4E5A-AD80-FB2E010B85C4}.Release|Any CPU.Build.0 = Release|Any CPU
		{AD8DAF2E-A294-4307-82BA-54BB336807C6}.Debug|Any CPU.ActiveCfg = Debug|Any CPU
		{AD8DAF2E-A294-4307-82BA-54BB336807C6}.Debug|Any CPU.Build.0 = Debug|Any CPU
		{AD8DAF2E-A294-4307-82BA-54BB336807C6}.Release|Any CPU.ActiveCfg = Release|Any CPU
		{AD8DAF2E-A294-4307-82BA-54BB336807C6}.Release|Any CPU.Build.0 = Release|Any CPU
		{55F6C5F0-C1CA-4D58-A77F-F3881BB510E4}.Debug|Any CPU.ActiveCfg = Debug|Any CPU
		{55F6C5F0-C1CA-4D58-A77F-F3881BB510E4}.Debug|Any CPU.Build.0 = Debug|Any CPU
		{55F6C5F0-C1CA-4D58-A77F-F3881BB510E4}.Release|Any CPU.ActiveCfg = Release|Any CPU
		{55F6C5F0-C1CA-4D58-A77F-F3881BB510E4}.Release|Any CPU.Build.0 = Release|Any CPU
	EndGlobalSection
	GlobalSection(SolutionProperties) = preSolution
		HideSolutionNode = FALSE
	EndGlobalSection
	GlobalSection(NestedProjects) = preSolution
		{060DECDA-590B-414E-99D6-917090BD208A} = {469956E3-BC66-41A4-9BDB-8B41F952FCEE}
		{BD67C3DB-1240-4AF7-901C-E7B13BD68628} = {469956E3-BC66-41A4-9BDB-8B41F952FCEE}
		{2380EBF6-8BDC-4236-8F67-306CB4A0556B} = {469956E3-BC66-41A4-9BDB-8B41F952FCEE}
		{8450DB2F-4476-4BCF-842E-089604C26A79} = {469956E3-BC66-41A4-9BDB-8B41F952FCEE}
		{F8F92893-53A5-4FFC-9906-5C1BDDD52EB6} = {31715462-2010-41AF-99CC-6AB4623ECF50}
		{4F547609-07F6-4D8C-B6FB-C90585DC8886} = {31715462-2010-41AF-99CC-6AB4623ECF50}
		{ECD27ECC-F065-4B1E-A31D-D6A679129B37} = {31715462-2010-41AF-99CC-6AB4623ECF50}
		{0C813CE4-904E-4C89-BE43-98577372D8D0} = {31715462-2010-41AF-99CC-6AB4623ECF50}
		{AF5F7CB8-C856-407F-8473-2F1038D3AD6B} = {31715462-2010-41AF-99CC-6AB4623ECF50}
		{C716C39A-94A0-4E45-822F-3F4C9290BB61} = {31715462-2010-41AF-99CC-6AB4623ECF50}
		{586BB96B-E621-44DB-8CC8-8065E4163A4F} = {31715462-2010-41AF-99CC-6AB4623ECF50}
		{33C67826-D586-4ECE-90DF-C07C1660AA9F} = {31715462-2010-41AF-99CC-6AB4623ECF50}
		{77C27EEA-500F-4BEA-B0DB-2FCF65E8E3B5} = {C607E68F-1CC7-4EA9-B475-193A14E6200A}
		{ACB87070-AF4E-4E9F-85EA-EECAD7B661D7} = {C607E68F-1CC7-4EA9-B475-193A14E6200A}
		{9513EBD6-C9B9-4835-8A08-DD0A698886D5} = {C607E68F-1CC7-4EA9-B475-193A14E6200A}
		{7E839C01-4407-4426-B774-781CAAFFC661} = {C607E68F-1CC7-4EA9-B475-193A14E6200A}
		{66F9112A-C78B-4A6B-88FD-68FD411DA499} = {C607E68F-1CC7-4EA9-B475-193A14E6200A}
		{2F599BF5-76A1-4479-B625-17C01491AD07} = {C607E68F-1CC7-4EA9-B475-193A14E6200A}
		{769CDCE7-0DCE-4CDC-8758-200DAFD5D7F1} = {22E14C2B-C3CD-474E-82E4-374570B47EDC}
		{D69D2E8C-8DA8-4602-83A0-6F8F87B3F6F3} = {22E14C2B-C3CD-474E-82E4-374570B47EDC}
		{917DA61F-343C-41D1-90BC-69138A31AA36} = {22E14C2B-C3CD-474E-82E4-374570B47EDC}
		{B98978F4-CBA1-426E-B614-39C3EA9337E5} = {22E14C2B-C3CD-474E-82E4-374570B47EDC}
		{C93FA9CA-5D6A-46ED-ABB7-875F7897D1D5} = {BD130F80-217F-420C-BD32-AE67F56C53A1}
		{B2F64A4C-A434-495F-A0A5-E3AEFB734C16} = {BD130F80-217F-420C-BD32-AE67F56C53A1}
		{0E1F2DD7-E555-4B8B-90C8-1646EF25C14F} = {BD130F80-217F-420C-BD32-AE67F56C53A1}
		{6F0E013E-51A9-4F4D-9309-B89FFE1EF418} = {BD130F80-217F-420C-BD32-AE67F56C53A1}
		{314C6BAE-C300-4F15-A4BD-8E760E066C43} = {BD130F80-217F-420C-BD32-AE67F56C53A1}
		{971AC040-6333-4D78-A332-B93880DDFF55} = {BD130F80-217F-420C-BD32-AE67F56C53A1}
		{BEF5E70D-FA7A-475E-B5AD-059D724C5D4B} = {AAFE226A-AC19-4031-9054-EAC9E588E73A}
		{97599337-672D-411F-9838-B4D5A97C7F10} = {AAFE226A-AC19-4031-9054-EAC9E588E73A}
		{7750EFE0-A1FC-45DB-AC32-464BC124259A} = {AAFE226A-AC19-4031-9054-EAC9E588E73A}
		{F19A7952-FB10-4E85-8DDF-ED8F15AA7603} = {AAFE226A-AC19-4031-9054-EAC9E588E73A}
		{01C28137-DF17-4FC4-9E1E-A0933B9E70F6} = {AAFE226A-AC19-4031-9054-EAC9E588E73A}
		{DA11BEDA-2BE0-4E5A-AD80-FB2E010B85C4} = {AAFE226A-AC19-4031-9054-EAC9E588E73A}
		{AD8DAF2E-A294-4307-82BA-54BB336807C6} = {AAFE226A-AC19-4031-9054-EAC9E588E73A}
		{55F6C5F0-C1CA-4D58-A77F-F3881BB510E4} = {AAFE226A-AC19-4031-9054-EAC9E588E73A}
	EndGlobalSection
	GlobalSection(ExtensibilityGlobals) = postSolution
		SolutionGuid = {BF765450-892F-47AA-BFEE-0109953CAB1A}
	EndGlobalSection
EndGlobal
